
Microsoft Visual Studio Solution File, Format Version 12.00
# Visual Studio Version 17
VisualStudioVersion = 17.1.32328.378
MinimumVisualStudioVersion = 10.0.40219.1
Project("{FAE04EC0-301F-11D3-BF4B-00C04F79EFBC}") = "PhoneBookApplication", "PhoneBookApplication\PhoneBookApplication.csproj", "{D409ABB5-1EAF-4FF8-B802-FC8028573997}"
EndProject
Project("{FAE04EC0-301F-11D3-BF4B-00C04F79EFBC}") = "PhoneBookApplication.Core", "PhoneBookApplication.Core\PhoneBookApplication.Core.csproj", "{D200EFD3-4FB8-4FC7-A84D-C06DB5F74365}"
EndProject
Project("{FAE04EC0-301F-11D3-BF4B-00C04F79EFBC}") = "PhoneBookApplication.Infrastructure", "PhoneBookApplication.Infrastructure\PhoneBookApplication.Infrastructure.csproj", "{84E9DAA2-081C-495F-BAB2-561FBE232F5E}"
EndProject
Global
	GlobalSection(SolutionConfigurationPlatforms) = preSolution
		Debug|Any CPU = Debug|Any CPU
		Release|Any CPU = Release|Any CPU
	EndGlobalSection
	GlobalSection(ProjectConfigurationPlatforms) = postSolution
		{D409ABB5-1EAF-4FF8-B802-FC8028573997}.Debug|Any CPU.ActiveCfg = Debug|Any CPU
		{D409ABB5-1EAF-4FF8-B802-FC8028573997}.Debug|Any CPU.Build.0 = Debug|Any CPU
		{D409ABB5-1EAF-4FF8-B802-FC8028573997}.Release|Any CPU.ActiveCfg = Release|Any CPU
		{D409ABB5-1EAF-4FF8-B802-FC8028573997}.Release|Any CPU.Build.0 = Release|Any CPU
		{D200EFD3-4FB8-4FC7-A84D-C06DB5F74365}.Debug|Any CPU.ActiveCfg = Debug|Any CPU
		{D200EFD3-4FB8-4FC7-A84D-C06DB5F74365}.Debug|Any CPU.Build.0 = Debug|Any CPU
		{D200EFD3-4FB8-4FC7-A84D-C06DB5F74365}.Release|Any CPU.ActiveCfg = Release|Any CPU
		{D200EFD3-4FB8-4FC7-A84D-C06DB5F74365}.Release|Any CPU.Build.0 = Release|Any CPU
		{84E9DAA2-081C-495F-BAB2-561FBE232F5E}.Debug|Any CPU.ActiveCfg = Debug|Any CPU
		{84E9DAA2-081C-495F-BAB2-561FBE232F5E}.Debug|Any CPU.Build.0 = Debug|Any CPU
		{84E9DAA2-081C-495F-BAB2-561FBE232F5E}.Release|Any CPU.ActiveCfg = Release|Any CPU
		{84E9DAA2-081C-495F-BAB2-561FBE232F5E}.Release|Any CPU.Build.0 = Release|Any CPU
	EndGlobalSection
	GlobalSection(SolutionProperties) = preSolution
		HideSolutionNode = FALSE
	EndGlobalSection
	GlobalSection(ExtensibilityGlobals) = postSolution
		SolutionGuid = {F5BC1358-D359-4EE5-9196-0AE92E25E6F1}
	EndGlobalSection
EndGlobal
